{
  "name": "zkc-preparator",
  "version": "1.0.0",
  "lockfileVersion": 3,
  "requires": true,
  "packages": {
    "": {
      "name": "zkc-preparator",
      "version": "1.0.0",
      "license": "ISC",
      "dependencies": {
        "ieee754": "^1.2.1",
        "uint8arrays": "^4.0.6"
      },
      "devDependencies": {
        "typescript": "^5.1.6"
      }
    },
    "node_modules/ieee754": {
      "version": "1.2.1",
      "resolved": "https://registry.npmjs.org/ieee754/-/ieee754-1.2.1.tgz",
      "integrity": "sha512-dcyqhDvX1C46lXZcVqCpK+FtMRQVdIMN6/Df5js2zouUsqG7I6sFxitIC+7KYK29KdXOLHdu9zL4sFnoVQnqaA==",
      "funding": [
        {
          "type": "github",
          "url": "https://github.com/sponsors/feross"
        },
        {
          "type": "patreon",
          "url": "https://www.patreon.com/feross"
        },
        {
          "type": "consulting",
          "url": "https://feross.org/support"
        }
      ]
    },
    "node_modules/multiformats": {
      "version": "12.0.1",
      "resolved": "https://registry.npmjs.org/multiformats/-/multiformats-12.0.1.tgz",
      "integrity": "sha512-s01wijBJoDUqESWSzePY0lvTw7J3PVO9x2Cc6ASI5AMZM2Gnhh7BC17+nlFhHKU7dDzaCaRfb+NiqNzOsgPUoQ==",
      "engines": {
        "node": ">=16.0.0",
        "npm": ">=7.0.0"
      }
    },
    "node_modules/typescript": {
      "version": "5.1.6",
      "resolved": "https://registry.npmjs.org/typescript/-/typescript-5.1.6.tgz",
      "integrity": "sha512-zaWCozRZ6DLEWAWFrVDz1H6FVXzUSfTy5FUMWsQlU8Ym5JP9eO4xkTIROFCQvhQf61z6O/G6ugw3SgAnvvm+HA==",
      "dev": true,
      "bin": {
        "tsc": "bin/tsc",
        "tsserver": "bin/tsserver"
      },
      "engines": {
        "node": ">=14.17"
      }
    },
    "node_modules/uint8arrays": {
      "version": "4.0.6",
      "resolved": "https://registry.npmjs.org/uint8arrays/-/uint8arrays-4.0.6.tgz",
      "integrity": "sha512-4ZesjQhqOU2Ip6GPReIwN60wRxIupavL8T0Iy36BBHr2qyMrNxsPJvr7vpS4eFt8F8kSguWUPad6ZM9izs/vyw==",
      "dependencies": {
        "multiformats": "^12.0.1"
      }
    }
  }
}
